
Microsoft Visual Studio Solution File, Format Version 12.00
# Visual Studio Version 17
VisualStudioVersion = 17.5.33530.505
MinimumVisualStudioVersion = 10.0.40219.1
Project("{FAE04EC0-301F-11D3-BF4B-00C04F79EFBC}") = "imageprocessing", "imageprocessing\imageprocessing.csproj", "{69CCF01F-2164-4CED-8F9B-7BF95367FCCB}"
EndProject
Global
	GlobalSection(SolutionConfigurationPlatforms) = preSolution
		Debug|Any CPU = Debug|Any CPU
		Release|Any CPU = Release|Any CPU
	EndGlobalSection
	GlobalSection(ProjectConfigurationPlatforms) = postSolution
		{69CCF01F-2164-4CED-8F9B-7BF95367FCCB}.Debug|Any CPU.ActiveCfg = Debug|Any CPU
		{69CCF01F-2164-4CED-8F9B-7BF95367FCCB}.Debug|Any CPU.Build.0 = Debug|Any CPU
		{69CCF01F-2164-4CED-8F9B-7BF95367FCCB}.Release|Any CPU.ActiveCfg = Release|Any CPU
		{69CCF01F-2164-4CED-8F9B-7BF95367FCCB}.Release|Any CPU.Build.0 = Release|Any CPU
	EndGlobalSection
	GlobalSection(SolutionProperties) = preSolution
		HideSolutionNode = FALSE
	EndGlobalSection
	GlobalSection(ExtensibilityGlobals) = postSolution
		SolutionGuid = {17A6A984-3EA8-439F-AF3C-7B20AE3F5D69}
	EndGlobalSection
EndGlobal
